
Microsoft Visual Studio Solution File, Format Version 12.00
# Visual Studio Version 17
VisualStudioVersion = 17.11.35312.102
MinimumVisualStudioVersion = 10.0.40219.1
Project("{FAE04EC0-301F-11D3-BF4B-00C04F79EFBC}") = "Website1", "Website1\Website1.csproj", "{73080D0A-7FDC-46E0-A96F-EA039CF552A4}"
EndProject
Global
	GlobalSection(SolutionConfigurationPlatforms) = preSolution
		Debug|Any CPU = Debug|Any CPU
		Release|Any CPU = Release|Any CPU
	EndGlobalSection
	GlobalSection(ProjectConfigurationPlatforms) = postSolution
		{73080D0A-7FDC-46E0-A96F-EA039CF552A4}.Debug|Any CPU.ActiveCfg = Debug|Any CPU
		{73080D0A-7FDC-46E0-A96F-EA039CF552A4}.Debug|Any CPU.Build.0 = Debug|Any CPU
		{73080D0A-7FDC-46E0-A96F-EA039CF552A4}.Release|Any CPU.ActiveCfg = Release|Any CPU
		{73080D0A-7FDC-46E0-A96F-EA039CF552A4}.Release|Any CPU.Build.0 = Release|Any CPU
	EndGlobalSection
	GlobalSection(SolutionProperties) = preSolution
		HideSolutionNode = FALSE
	EndGlobalSection
	GlobalSection(ExtensibilityGlobals) = postSolution
		SolutionGuid = {54DBE4DC-A47B-4D8A-8C4D-D2B0C250ED30}
	EndGlobalSection
EndGlobal
